
Microsoft Visual Studio Solution File, Format Version 12.00
# Visual Studio 15
VisualStudioVersion = 15.0.28307.329
MinimumVisualStudioVersion = 10.0.40219.1
Project("{FAE04EC0-301F-11D3-BF4B-00C04F79EFBC}") = "BrowserCollectionViewer", "BrowserCollectionViewer\BrowserCollectionViewer.csproj", "{040FA0DD-A83C-46F7-BC8C-3836FBA787C4}"
EndProject
Project("{FAE04EC0-301F-11D3-BF4B-00C04F79EFBC}") = "BrowserCollectionViewer.Lib", "BrowserCollectionViewer.Lib\BrowserCollectionViewer.Lib.csproj", "{7B17D8FB-4C23-4FC5-822E-1BB3E6B9B3D3}"
EndProject
Global
	GlobalSection(SolutionConfigurationPlatforms) = preSolution
		Debug|Any CPU = Debug|Any CPU
		Release|Any CPU = Release|Any CPU
	EndGlobalSection
	GlobalSection(ProjectConfigurationPlatforms) = postSolution
		{040FA0DD-A83C-46F7-BC8C-3836FBA787C4}.Debug|Any CPU.ActiveCfg = Debug|Any CPU
		{040FA0DD-A83C-46F7-BC8C-3836FBA787C4}.Debug|Any CPU.Build.0 = Debug|Any CPU
		{040FA0DD-A83C-46F7-BC8C-3836FBA787C4}.Release|Any CPU.ActiveCfg = Release|Any CPU
		{040FA0DD-A83C-46F7-BC8C-3836FBA787C4}.Release|Any CPU.Build.0 = Release|Any CPU
		{7B17D8FB-4C23-4FC5-822E-1BB3E6B9B3D3}.Debug|Any CPU.ActiveCfg = Debug|Any CPU
		{7B17D8FB-4C23-4FC5-822E-1BB3E6B9B3D3}.Debug|Any CPU.Build.0 = Debug|Any CPU
		{7B17D8FB-4C23-4FC5-822E-1BB3E6B9B3D3}.Release|Any CPU.ActiveCfg = Release|Any CPU
		{7B17D8FB-4C23-4FC5-822E-1BB3E6B9B3D3}.Release|Any CPU.Build.0 = Release|Any CPU
	EndGlobalSection
	GlobalSection(SolutionProperties) = preSolution
		HideSolutionNode = FALSE
	EndGlobalSection
	GlobalSection(ExtensibilityGlobals) = postSolution
		SolutionGuid = {0CDF0BB9-5877-4DE1-A693-17C1FF246A79}
	EndGlobalSection
EndGlobal
